
Microsoft Visual Studio Solution File, Format Version 12.00
# Visual Studio Version 16
VisualStudioVersion = 16.0.30804.86
MinimumVisualStudioVersion = 10.0.40219.1
Project("{9A19103F-16F7-4668-BE54-9A1E7A4F7556}") = "DesignPatternSample", "DesignPatternSample\DesignPatternSample.csproj", "{DAEBFD66-1A80-48BC-8B1A-A7F88CF71912}"
EndProject
Global
	GlobalSection(SolutionConfigurationPlatforms) = preSolution
		Debug|Any CPU = Debug|Any CPU
		Release|Any CPU = Release|Any CPU
	EndGlobalSection
	GlobalSection(ProjectConfigurationPlatforms) = postSolution
		{DAEBFD66-1A80-48BC-8B1A-A7F88CF71912}.Debug|Any CPU.ActiveCfg = Debug|Any CPU
		{DAEBFD66-1A80-48BC-8B1A-A7F88CF71912}.Debug|Any CPU.Build.0 = Debug|Any CPU
		{DAEBFD66-1A80-48BC-8B1A-A7F88CF71912}.Release|Any CPU.ActiveCfg = Release|Any CPU
		{DAEBFD66-1A80-48BC-8B1A-A7F88CF71912}.Release|Any CPU.Build.0 = Release|Any CPU
	EndGlobalSection
	GlobalSection(SolutionProperties) = preSolution
		HideSolutionNode = FALSE
	EndGlobalSection
	GlobalSection(ExtensibilityGlobals) = postSolution
		SolutionGuid = {B731D829-BA6C-4D78-AB83-F244190F2E7D}
	EndGlobalSection
EndGlobal
